
Microsoft Visual Studio Solution File, Format Version 12.00
# Visual Studio Version 16
VisualStudioVersion = 16.6.30114.105
MinimumVisualStudioVersion = 10.0.40219.1
Project("{2150E333-8FDC-42A3-9474-1A3956D46DE8}") = "src", "src", "{81FF2674-5BD3-48D5-A1E4-D171CCCB9B83}"
EndProject
Project("{9A19103F-16F7-4668-BE54-9A1E7A4F7556}") = "Redis.console", "src\Redis.Console\Redis.console.csproj", "{44DC6B08-856E-47AF-8680-81FDC224043A}"
EndProject
Project("{9A19103F-16F7-4668-BE54-9A1E7A4F7556}") = "Redis.console2", "src\Redis.console2\Redis.console2.csproj", "{7180590A-E4C8-473F-94A9-630A57C4876D}"
EndProject
Project("{9A19103F-16F7-4668-BE54-9A1E7A4F7556}") = "Lock.console", "src\Lock.console\Lock.console.csproj", "{1C0DA362-C649-49A0-B23D-5E49A90F34ED}"
EndProject
Project("{9A19103F-16F7-4668-BE54-9A1E7A4F7556}") = "Redis.MQ.console", "src\MQ.console\Redis.MQ.console.csproj", "{52A4977A-A421-4036-9207-EFC4229C5308}"
EndProject
Project("{9A19103F-16F7-4668-BE54-9A1E7A4F7556}") = "StackExchange.Redis.console", "src\StackExchange.Redis.console\StackExchange.Redis.console.csproj", "{DF5CE109-8AE0-4139-82F0-FA40F6440DC6}"
EndProject
Project("{FAE04EC0-301F-11D3-BF4B-00C04F79EFBC}") = "Redis.mvc", "src\Redis.mvc\Redis.mvc.csproj", "{B48062FE-D276-401F-A094-363BEA7FE1EC}"
EndProject
Global
	GlobalSection(SolutionConfigurationPlatforms) = preSolution
		Debug|Any CPU = Debug|Any CPU
		Debug|x64 = Debug|x64
		Debug|x86 = Debug|x86
		Release|Any CPU = Release|Any CPU
		Release|x64 = Release|x64
		Release|x86 = Release|x86
	EndGlobalSection
	GlobalSection(ProjectConfigurationPlatforms) = postSolution
		{44DC6B08-856E-47AF-8680-81FDC224043A}.Debug|Any CPU.ActiveCfg = Debug|Any CPU
		{44DC6B08-856E-47AF-8680-81FDC224043A}.Debug|Any CPU.Build.0 = Debug|Any CPU
		{44DC6B08-856E-47AF-8680-81FDC224043A}.Debug|x64.ActiveCfg = Debug|Any CPU
		{44DC6B08-856E-47AF-8680-81FDC224043A}.Debug|x64.Build.0 = Debug|Any CPU
		{44DC6B08-856E-47AF-8680-81FDC224043A}.Debug|x86.ActiveCfg = Debug|Any CPU
		{44DC6B08-856E-47AF-8680-81FDC224043A}.Debug|x86.Build.0 = Debug|Any CPU
		{44DC6B08-856E-47AF-8680-81FDC224043A}.Release|Any CPU.ActiveCfg = Release|Any CPU
		{44DC6B08-856E-47AF-8680-81FDC224043A}.Release|Any CPU.Build.0 = Release|Any CPU
		{44DC6B08-856E-47AF-8680-81FDC224043A}.Release|x64.ActiveCfg = Release|Any CPU
		{44DC6B08-856E-47AF-8680-81FDC224043A}.Release|x64.Build.0 = Release|Any CPU
		{44DC6B08-856E-47AF-8680-81FDC224043A}.Release|x86.ActiveCfg = Release|Any CPU
		{44DC6B08-856E-47AF-8680-81FDC224043A}.Release|x86.Build.0 = Release|Any CPU
		{7180590A-E4C8-473F-94A9-630A57C4876D}.Debug|Any CPU.ActiveCfg = Debug|Any CPU
		{7180590A-E4C8-473F-94A9-630A57C4876D}.Debug|Any CPU.Build.0 = Debug|Any CPU
		{7180590A-E4C8-473F-94A9-630A57C4876D}.Debug|x64.ActiveCfg = Debug|Any CPU
		{7180590A-E4C8-473F-94A9-630A57C4876D}.Debug|x64.Build.0 = Debug|Any CPU
		{7180590A-E4C8-473F-94A9-630A57C4876D}.Debug|x86.ActiveCfg = Debug|Any CPU
		{7180590A-E4C8-473F-94A9-630A57C4876D}.Debug|x86.Build.0 = Debug|Any CPU
		{7180590A-E4C8-473F-94A9-630A57C4876D}.Release|Any CPU.ActiveCfg = Release|Any CPU
		{7180590A-E4C8-473F-94A9-630A57C4876D}.Release|Any CPU.Build.0 = Release|Any CPU
		{7180590A-E4C8-473F-94A9-630A57C4876D}.Release|x64.ActiveCfg = Release|Any CPU
		{7180590A-E4C8-473F-94A9-630A57C4876D}.Release|x64.Build.0 = Release|Any CPU
		{7180590A-E4C8-473F-94A9-630A57C4876D}.Release|x86.ActiveCfg = Release|Any CPU
		{7180590A-E4C8-473F-94A9-630A57C4876D}.Release|x86.Build.0 = Release|Any CPU
		{1C0DA362-C649-49A0-B23D-5E49A90F34ED}.Debug|Any CPU.ActiveCfg = Debug|Any CPU
		{1C0DA362-C649-49A0-B23D-5E49A90F34ED}.Debug|Any CPU.Build.0 = Debug|Any CPU
		{1C0DA362-C649-49A0-B23D-5E49A90F34ED}.Debug|x64.ActiveCfg = Debug|Any CPU
		{1C0DA362-C649-49A0-B23D-5E49A90F34ED}.Debug|x64.Build.0 = Debug|Any CPU
		{1C0DA362-C649-49A0-B23D-5E49A90F34ED}.Debug|x86.ActiveCfg = Debug|Any CPU
		{1C0DA362-C649-49A0-B23D-5E49A90F34ED}.Debug|x86.Build.0 = Debug|Any CPU
		{1C0DA362-C649-49A0-B23D-5E49A90F34ED}.Release|Any CPU.ActiveCfg = Release|Any CPU
		{1C0DA362-C649-49A0-B23D-5E49A90F34ED}.Release|Any CPU.Build.0 = Release|Any CPU
		{1C0DA362-C649-49A0-B23D-5E49A90F34ED}.Release|x64.ActiveCfg = Release|Any CPU
		{1C0DA362-C649-49A0-B23D-5E49A90F34ED}.Release|x64.Build.0 = Release|Any CPU
		{1C0DA362-C649-49A0-B23D-5E49A90F34ED}.Release|x86.ActiveCfg = Release|Any CPU
		{1C0DA362-C649-49A0-B23D-5E49A90F34ED}.Release|x86.Build.0 = Release|Any CPU
		{52A4977A-A421-4036-9207-EFC4229C5308}.Debug|Any CPU.ActiveCfg = Debug|Any CPU
		{52A4977A-A421-4036-9207-EFC4229C5308}.Debug|Any CPU.Build.0 = Debug|Any CPU
		{52A4977A-A421-4036-9207-EFC4229C5308}.Debug|x64.ActiveCfg = Debug|Any CPU
		{52A4977A-A421-4036-9207-EFC4229C5308}.Debug|x64.Build.0 = Debug|Any CPU
		{52A4977A-A421-4036-9207-EFC4229C5308}.Debug|x86.ActiveCfg = Debug|Any CPU
		{52A4977A-A421-4036-9207-EFC4229C5308}.Debug|x86.Build.0 = Debug|Any CPU
		{52A4977A-A421-4036-9207-EFC4229C5308}.Release|Any CPU.ActiveCfg = Release|Any CPU
		{52A4977A-A421-4036-9207-EFC4229C5308}.Release|Any CPU.Build.0 = Release|Any CPU
		{52A4977A-A421-4036-9207-EFC4229C5308}.Release|x64.ActiveCfg = Release|Any CPU
		{52A4977A-A421-4036-9207-EFC4229C5308}.Release|x64.Build.0 = Release|Any CPU
		{52A4977A-A421-4036-9207-EFC4229C5308}.Release|x86.ActiveCfg = Release|Any CPU
		{52A4977A-A421-4036-9207-EFC4229C5308}.Release|x86.Build.0 = Release|Any CPU
		{DF5CE109-8AE0-4139-82F0-FA40F6440DC6}.Debug|Any CPU.ActiveCfg = Debug|Any CPU
		{DF5CE109-8AE0-4139-82F0-FA40F6440DC6}.Debug|Any CPU.Build.0 = Debug|Any CPU
		{DF5CE109-8AE0-4139-82F0-FA40F6440DC6}.Debug|x64.ActiveCfg = Debug|Any CPU
		{DF5CE109-8AE0-4139-82F0-FA40F6440DC6}.Debug|x64.Build.0 = Debug|Any CPU
		{DF5CE109-8AE0-4139-82F0-FA40F6440DC6}.Debug|x86.ActiveCfg = Debug|Any CPU
		{DF5CE109-8AE0-4139-82F0-FA40F6440DC6}.Debug|x86.Build.0 = Debug|Any CPU
		{DF5CE109-8AE0-4139-82F0-FA40F6440DC6}.Release|Any CPU.ActiveCfg = Release|Any CPU
		{DF5CE109-8AE0-4139-82F0-FA40F6440DC6}.Release|Any CPU.Build.0 = Release|Any CPU
		{DF5CE109-8AE0-4139-82F0-FA40F6440DC6}.Release|x64.ActiveCfg = Release|Any CPU
		{DF5CE109-8AE0-4139-82F0-FA40F6440DC6}.Release|x64.Build.0 = Release|Any CPU
		{DF5CE109-8AE0-4139-82F0-FA40F6440DC6}.Release|x86.ActiveCfg = Release|Any CPU
		{DF5CE109-8AE0-4139-82F0-FA40F6440DC6}.Release|x86.Build.0 = Release|Any CPU
		{B48062FE-D276-401F-A094-363BEA7FE1EC}.Debug|Any CPU.ActiveCfg = Debug|Any CPU
		{B48062FE-D276-401F-A094-363BEA7FE1EC}.Debug|Any CPU.Build.0 = Debug|Any CPU
		{B48062FE-D276-401F-A094-363BEA7FE1EC}.Debug|x64.ActiveCfg = Debug|Any CPU
		{B48062FE-D276-401F-A094-363BEA7FE1EC}.Debug|x64.Build.0 = Debug|Any CPU
		{B48062FE-D276-401F-A094-363BEA7FE1EC}.Debug|x86.ActiveCfg = Debug|Any CPU
		{B48062FE-D276-401F-A094-363BEA7FE1EC}.Debug|x86.Build.0 = Debug|Any CPU
		{B48062FE-D276-401F-A094-363BEA7FE1EC}.Release|Any CPU.ActiveCfg = Release|Any CPU
		{B48062FE-D276-401F-A094-363BEA7FE1EC}.Release|Any CPU.Build.0 = Release|Any CPU
		{B48062FE-D276-401F-A094-363BEA7FE1EC}.Release|x64.ActiveCfg = Release|Any CPU
		{B48062FE-D276-401F-A094-363BEA7FE1EC}.Release|x64.Build.0 = Release|Any CPU
		{B48062FE-D276-401F-A094-363BEA7FE1EC}.Release|x86.ActiveCfg = Release|Any CPU
		{B48062FE-D276-401F-A094-363BEA7FE1EC}.Release|x86.Build.0 = Release|Any CPU
	EndGlobalSection
	GlobalSection(SolutionProperties) = preSolution
		HideSolutionNode = FALSE
	EndGlobalSection
	GlobalSection(NestedProjects) = preSolution
		{44DC6B08-856E-47AF-8680-81FDC224043A} = {81FF2674-5BD3-48D5-A1E4-D171CCCB9B83}
		{7180590A-E4C8-473F-94A9-630A57C4876D} = {81FF2674-5BD3-48D5-A1E4-D171CCCB9B83}
		{1C0DA362-C649-49A0-B23D-5E49A90F34ED} = {81FF2674-5BD3-48D5-A1E4-D171CCCB9B83}
		{52A4977A-A421-4036-9207-EFC4229C5308} = {81FF2674-5BD3-48D5-A1E4-D171CCCB9B83}
		{DF5CE109-8AE0-4139-82F0-FA40F6440DC6} = {81FF2674-5BD3-48D5-A1E4-D171CCCB9B83}
		{B48062FE-D276-401F-A094-363BEA7FE1EC} = {81FF2674-5BD3-48D5-A1E4-D171CCCB9B83}
	EndGlobalSection
	GlobalSection(ExtensibilityGlobals) = postSolution
		SolutionGuid = {3C17AC78-4736-475E-B6D0-8809D5210CE5}
	EndGlobalSection
EndGlobal
